
Microsoft Visual Studio Solution File, Format Version 12.00
# Visual Studio Version 17
VisualStudioVersion = 17.11.35222.181
MinimumVisualStudioVersion = 10.0.40219.1
Project("{FAE04EC0-301F-11D3-BF4B-00C04F79EFBC}") = "intelligenceLite", "intelligenceLite\intelligenceLite.csproj", "{9621E0B0-B11C-4BE6-87CA-4B6B75E81D9B}"
EndProject
Project("{FAE04EC0-301F-11D3-BF4B-00C04F79EFBC}") = "IntelligenceLiteWPF", "IntelligenceLiteWPF\IntelligenceLiteWPF.csproj", "{818F3231-BE93-40E8-80A0-3ED79694CFB1}"
EndProject
Global
	GlobalSection(SolutionConfigurationPlatforms) = preSolution
		Debug|Any CPU = Debug|Any CPU
		Release|Any CPU = Release|Any CPU
	EndGlobalSection
	GlobalSection(ProjectConfigurationPlatforms) = postSolution
		{9621E0B0-B11C-4BE6-87CA-4B6B75E81D9B}.Debug|Any CPU.ActiveCfg = Debug|Any CPU
		{9621E0B0-B11C-4BE6-87CA-4B6B75E81D9B}.Debug|Any CPU.Build.0 = Debug|Any CPU
		{9621E0B0-B11C-4BE6-87CA-4B6B75E81D9B}.Release|Any CPU.ActiveCfg = Release|Any CPU
		{9621E0B0-B11C-4BE6-87CA-4B6B75E81D9B}.Release|Any CPU.Build.0 = Release|Any CPU
		{818F3231-BE93-40E8-80A0-3ED79694CFB1}.Debug|Any CPU.ActiveCfg = Debug|Any CPU
		{818F3231-BE93-40E8-80A0-3ED79694CFB1}.Debug|Any CPU.Build.0 = Debug|Any CPU
		{818F3231-BE93-40E8-80A0-3ED79694CFB1}.Release|Any CPU.ActiveCfg = Release|Any CPU
		{818F3231-BE93-40E8-80A0-3ED79694CFB1}.Release|Any CPU.Build.0 = Release|Any CPU
	EndGlobalSection
	GlobalSection(SolutionProperties) = preSolution
		HideSolutionNode = FALSE
	EndGlobalSection
	GlobalSection(ExtensibilityGlobals) = postSolution
		SolutionGuid = {94BC3517-1A94-4475-A1D5-A245027A4822}
	EndGlobalSection
EndGlobal
